
Microsoft Visual Studio Solution File, Format Version 12.00
# Visual Studio 2013
VisualStudioVersion = 12.0.30110.0
MinimumVisualStudioVersion = 10.0.40219.1
Project("{FAE04EC0-301F-11D3-BF4B-00C04F79EFBC}") = "Webserver", "Webserver\Webserver.csproj", "{B8A56D82-C795-4F44-87F2-B79C0B676915}"
EndProject
Project("{FAE04EC0-301F-11D3-BF4B-00C04F79EFBC}") = "Framework", "Framework\Framework.csproj", "{FF60F6F2-57B9-49CF-9745-6EBA430C8604}"
EndProject
Project("{FAE04EC0-301F-11D3-BF4B-00C04F79EFBC}") = "Framework.InversionOfControl", "Framework.InversionOfControl\Framework.InversionOfControl.csproj", "{92926FD0-433B-49D9-AFA1-2D5DB1A8F02B}"
EndProject
Project("{FAE04EC0-301F-11D3-BF4B-00C04F79EFBC}") = "Framework.Logging", "Framework.Logging\Framework.Logging.csproj", "{7909B1AB-545D-4938-B4D6-BA7E2AC13F96}"
EndProject
Project("{FAE04EC0-301F-11D3-BF4B-00C04F79EFBC}") = "Framework.DemoApp", "Framework.DemoApp\Framework.DemoApp.csproj", "{8A4F9BBD-2DE1-458C-952E-22CE0E969405}"
EndProject
Project("{FAE04EC0-301F-11D3-BF4B-00C04F79EFBC}") = "LoggingMonitor.Webservice", "LoggingMonitor\LoggingMonitor.Webservice.csproj", "{C7EBC686-FB97-415E-9F71-E5C94310B3FC}"
EndProject
Project("{FAE04EC0-301F-11D3-BF4B-00C04F79EFBC}") = "Framework.Web", "Framework.Web\Framework.Web.csproj", "{6BC58CD0-6CB2-477F-8618-760989416E38}"
EndProject
Project("{FAE04EC0-301F-11D3-BF4B-00C04F79EFBC}") = "Framework.UnitsTesting", "Framework.UnitsTesting\Framework.UnitsTesting.csproj", "{F195A72E-EE7C-4398-B8AD-BD597BFE155B}"
EndProject
Project("{FAE04EC0-301F-11D3-BF4B-00C04F79EFBC}") = "HealthMonitor", "HealthMonitor\HealthMonitor.csproj", "{F82511C2-EF03-42CE-AB07-176CE4D08096}"
EndProject
Project("{FAE04EC0-301F-11D3-BF4B-00C04F79EFBC}") = "HealthMonitor.Agent", "HealthMonitor.Agent\HealthMonitor.Agent.csproj", "{18950A20-C114-40B6-B9E5-7D9523446CBB}"
EndProject
Project("{FAE04EC0-301F-11D3-BF4B-00C04F79EFBC}") = "Permissions.Webservice", "Permissions.Webservice\Permissions.Webservice.csproj", "{97D8E63F-347E-4C9D-B3EA-32C137A58A65}"
EndProject
Project("{FAE04EC0-301F-11D3-BF4B-00C04F79EFBC}") = "Database", "Database\Database.csproj", "{2D8BEB10-076D-4A30-8318-2D2B0357DAC3}"
EndProject
Project("{FAE04EC0-301F-11D3-BF4B-00C04F79EFBC}") = "Database.Webservice", "Database.Webservice\Database.Webservice.csproj", "{F6363EE3-FD61-43FB-8484-0A80D847188C}"
EndProject
Project("{FAE04EC0-301F-11D3-BF4B-00C04F79EFBC}") = "Distribution.Webservice", "Distribution\Distribution.Webservice.csproj", "{CB9743BF-FC9B-4928-920A-1D04429C078D}"
EndProject
Project("{FAE04EC0-301F-11D3-BF4B-00C04F79EFBC}") = "Framework.Logging.DatabaseOutput", "Framework.Logging.DatabaseOutput\Framework.Logging.DatabaseOutput.csproj", "{F61DC4D2-A449-4EE1-8016-6D944D2A04B2}"
EndProject
Project("{FAE04EC0-301F-11D3-BF4B-00C04F79EFBC}") = "Distribution.Agent.Webservice", "Distribution.Agent.Webservice\Distribution.Agent.Webservice.csproj", "{EA676224-2E78-47F9-B061-283A019AA5DF}"
EndProject
Project("{FAE04EC0-301F-11D3-BF4B-00C04F79EFBC}") = "IdeExtensions", "Webserver.VisualStudioExtension\IdeExtensions.csproj", "{18323A18-360E-48D0-9332-D5C35D1387B7}"
EndProject
Project("{FAE04EC0-301F-11D3-BF4B-00C04F79EFBC}") = "IdeExtensions.Monodevelop", "Webserver.Monodevelop\IdeExtensions.Monodevelop.csproj", "{F72BAC15-D2C3-4BA5-BADE-DB38E8E052C2}"
EndProject
Project("{FAE04EC0-301F-11D3-BF4B-00C04F79EFBC}") = "IdeExtensions.VisualStudio", "IdeExtensions.VisualStudio\IdeExtensions.VisualStudio.csproj", "{44C5CE36-84F6-4C0D-BC7A-39611379C2EB}"
EndProject
Project("{FAE04EC0-301F-11D3-BF4B-00C04F79EFBC}") = "Packages.Webservice", "Packages.Webservice\Packages.Webservice.csproj", "{81B61F0D-3CBD-4E56-A3FC-D849935A361F}"
EndProject
Project("{FAE04EC0-301F-11D3-BF4B-00C04F79EFBC}") = "Packages.NugetBridge.Webservice", "Packages.NugetBridge.Webservice\Packages.NugetBridge.Webservice.csproj", "{411853FC-BCEF-44BE-BD16-7CD2BD17B905}"
EndProject
Project("{FAE04EC0-301F-11D3-BF4B-00C04F79EFBC}") = "Database.DemoApplication", "Database.DemoApplication\Database.DemoApplication.csproj", "{868F73FF-5C16-4A24-A39B-38DF2B563A95}"
EndProject
Project("{FAE04EC0-301F-11D3-BF4B-00C04F79EFBC}") = "Framework.Web.DemoApp", "Framework.Web.DemoApp\Framework.Web.DemoApp.csproj", "{7D2B60EF-83BE-4CD9-96BD-46DDED4140D9}"
EndProject
Global
	GlobalSection(SolutionConfigurationPlatforms) = preSolution
		Debug|Any CPU = Debug|Any CPU
		Release|Any CPU = Release|Any CPU
	EndGlobalSection
	GlobalSection(ProjectConfigurationPlatforms) = postSolution
		{B8A56D82-C795-4F44-87F2-B79C0B676915}.Debug|Any CPU.ActiveCfg = Debug|Any CPU
		{B8A56D82-C795-4F44-87F2-B79C0B676915}.Debug|Any CPU.Build.0 = Debug|Any CPU
		{B8A56D82-C795-4F44-87F2-B79C0B676915}.Release|Any CPU.ActiveCfg = Release|Any CPU
		{B8A56D82-C795-4F44-87F2-B79C0B676915}.Release|Any CPU.Build.0 = Release|Any CPU
		{FF60F6F2-57B9-49CF-9745-6EBA430C8604}.Debug|Any CPU.ActiveCfg = Debug|Any CPU
		{FF60F6F2-57B9-49CF-9745-6EBA430C8604}.Debug|Any CPU.Build.0 = Debug|Any CPU
		{FF60F6F2-57B9-49CF-9745-6EBA430C8604}.Release|Any CPU.ActiveCfg = Release|Any CPU
		{FF60F6F2-57B9-49CF-9745-6EBA430C8604}.Release|Any CPU.Build.0 = Release|Any CPU
		{92926FD0-433B-49D9-AFA1-2D5DB1A8F02B}.Debug|Any CPU.ActiveCfg = Debug|Any CPU
		{92926FD0-433B-49D9-AFA1-2D5DB1A8F02B}.Debug|Any CPU.Build.0 = Debug|Any CPU
		{92926FD0-433B-49D9-AFA1-2D5DB1A8F02B}.Release|Any CPU.ActiveCfg = Release|Any CPU
		{92926FD0-433B-49D9-AFA1-2D5DB1A8F02B}.Release|Any CPU.Build.0 = Release|Any CPU
		{7909B1AB-545D-4938-B4D6-BA7E2AC13F96}.Debug|Any CPU.ActiveCfg = Debug|Any CPU
		{7909B1AB-545D-4938-B4D6-BA7E2AC13F96}.Debug|Any CPU.Build.0 = Debug|Any CPU
		{7909B1AB-545D-4938-B4D6-BA7E2AC13F96}.Release|Any CPU.ActiveCfg = Release|Any CPU
		{7909B1AB-545D-4938-B4D6-BA7E2AC13F96}.Release|Any CPU.Build.0 = Release|Any CPU
		{8A4F9BBD-2DE1-458C-952E-22CE0E969405}.Debug|Any CPU.ActiveCfg = Debug|Any CPU
		{8A4F9BBD-2DE1-458C-952E-22CE0E969405}.Debug|Any CPU.Build.0 = Debug|Any CPU
		{8A4F9BBD-2DE1-458C-952E-22CE0E969405}.Release|Any CPU.ActiveCfg = Release|Any CPU
		{8A4F9BBD-2DE1-458C-952E-22CE0E969405}.Release|Any CPU.Build.0 = Release|Any CPU
		{C7EBC686-FB97-415E-9F71-E5C94310B3FC}.Debug|Any CPU.ActiveCfg = Debug|Any CPU
		{C7EBC686-FB97-415E-9F71-E5C94310B3FC}.Debug|Any CPU.Build.0 = Debug|Any CPU
		{C7EBC686-FB97-415E-9F71-E5C94310B3FC}.Release|Any CPU.ActiveCfg = Release|Any CPU
		{C7EBC686-FB97-415E-9F71-E5C94310B3FC}.Release|Any CPU.Build.0 = Release|Any CPU
		{6BC58CD0-6CB2-477F-8618-760989416E38}.Debug|Any CPU.ActiveCfg = Debug|Any CPU
		{6BC58CD0-6CB2-477F-8618-760989416E38}.Debug|Any CPU.Build.0 = Debug|Any CPU
		{6BC58CD0-6CB2-477F-8618-760989416E38}.Release|Any CPU.ActiveCfg = Release|Any CPU
		{6BC58CD0-6CB2-477F-8618-760989416E38}.Release|Any CPU.Build.0 = Release|Any CPU
		{F195A72E-EE7C-4398-B8AD-BD597BFE155B}.Debug|Any CPU.ActiveCfg = Debug|Any CPU
		{F195A72E-EE7C-4398-B8AD-BD597BFE155B}.Debug|Any CPU.Build.0 = Debug|Any CPU
		{F195A72E-EE7C-4398-B8AD-BD597BFE155B}.Release|Any CPU.ActiveCfg = Release|Any CPU
		{F195A72E-EE7C-4398-B8AD-BD597BFE155B}.Release|Any CPU.Build.0 = Release|Any CPU
		{F82511C2-EF03-42CE-AB07-176CE4D08096}.Debug|Any CPU.ActiveCfg = Debug|Any CPU
		{F82511C2-EF03-42CE-AB07-176CE4D08096}.Debug|Any CPU.Build.0 = Debug|Any CPU
		{F82511C2-EF03-42CE-AB07-176CE4D08096}.Release|Any CPU.ActiveCfg = Release|Any CPU
		{F82511C2-EF03-42CE-AB07-176CE4D08096}.Release|Any CPU.Build.0 = Release|Any CPU
		{18950A20-C114-40B6-B9E5-7D9523446CBB}.Debug|Any CPU.ActiveCfg = Debug|Any CPU
		{18950A20-C114-40B6-B9E5-7D9523446CBB}.Debug|Any CPU.Build.0 = Debug|Any CPU
		{18950A20-C114-40B6-B9E5-7D9523446CBB}.Release|Any CPU.ActiveCfg = Release|Any CPU
		{18950A20-C114-40B6-B9E5-7D9523446CBB}.Release|Any CPU.Build.0 = Release|Any CPU
		{97D8E63F-347E-4C9D-B3EA-32C137A58A65}.Debug|Any CPU.ActiveCfg = Debug|Any CPU
		{97D8E63F-347E-4C9D-B3EA-32C137A58A65}.Debug|Any CPU.Build.0 = Debug|Any CPU
		{97D8E63F-347E-4C9D-B3EA-32C137A58A65}.Release|Any CPU.ActiveCfg = Release|Any CPU
		{97D8E63F-347E-4C9D-B3EA-32C137A58A65}.Release|Any CPU.Build.0 = Release|Any CPU
		{2D8BEB10-076D-4A30-8318-2D2B0357DAC3}.Debug|Any CPU.ActiveCfg = Debug|Any CPU
		{2D8BEB10-076D-4A30-8318-2D2B0357DAC3}.Debug|Any CPU.Build.0 = Debug|Any CPU
		{2D8BEB10-076D-4A30-8318-2D2B0357DAC3}.Release|Any CPU.ActiveCfg = Release|Any CPU
		{2D8BEB10-076D-4A30-8318-2D2B0357DAC3}.Release|Any CPU.Build.0 = Release|Any CPU
		{F6363EE3-FD61-43FB-8484-0A80D847188C}.Debug|Any CPU.ActiveCfg = Debug|Any CPU
		{F6363EE3-FD61-43FB-8484-0A80D847188C}.Debug|Any CPU.Build.0 = Debug|Any CPU
		{F6363EE3-FD61-43FB-8484-0A80D847188C}.Release|Any CPU.ActiveCfg = Release|Any CPU
		{F6363EE3-FD61-43FB-8484-0A80D847188C}.Release|Any CPU.Build.0 = Release|Any CPU
		{CB9743BF-FC9B-4928-920A-1D04429C078D}.Debug|Any CPU.ActiveCfg = Debug|Any CPU
		{CB9743BF-FC9B-4928-920A-1D04429C078D}.Debug|Any CPU.Build.0 = Debug|Any CPU
		{CB9743BF-FC9B-4928-920A-1D04429C078D}.Release|Any CPU.ActiveCfg = Release|Any CPU
		{CB9743BF-FC9B-4928-920A-1D04429C078D}.Release|Any CPU.Build.0 = Release|Any CPU
		{F61DC4D2-A449-4EE1-8016-6D944D2A04B2}.Debug|Any CPU.ActiveCfg = Debug|Any CPU
		{F61DC4D2-A449-4EE1-8016-6D944D2A04B2}.Debug|Any CPU.Build.0 = Debug|Any CPU
		{F61DC4D2-A449-4EE1-8016-6D944D2A04B2}.Release|Any CPU.ActiveCfg = Release|Any CPU
		{F61DC4D2-A449-4EE1-8016-6D944D2A04B2}.Release|Any CPU.Build.0 = Release|Any CPU
		{EA676224-2E78-47F9-B061-283A019AA5DF}.Debug|Any CPU.ActiveCfg = Debug|Any CPU
		{EA676224-2E78-47F9-B061-283A019AA5DF}.Debug|Any CPU.Build.0 = Debug|Any CPU
		{EA676224-2E78-47F9-B061-283A019AA5DF}.Release|Any CPU.ActiveCfg = Release|Any CPU
		{EA676224-2E78-47F9-B061-283A019AA5DF}.Release|Any CPU.Build.0 = Release|Any CPU
		{18323A18-360E-48D0-9332-D5C35D1387B7}.Debug|Any CPU.ActiveCfg = Debug|Any CPU
		{18323A18-360E-48D0-9332-D5C35D1387B7}.Debug|Any CPU.Build.0 = Debug|Any CPU
		{18323A18-360E-48D0-9332-D5C35D1387B7}.Release|Any CPU.ActiveCfg = Release|Any CPU
		{18323A18-360E-48D0-9332-D5C35D1387B7}.Release|Any CPU.Build.0 = Release|Any CPU
		{F72BAC15-D2C3-4BA5-BADE-DB38E8E052C2}.Debug|Any CPU.ActiveCfg = Debug|Any CPU
		{F72BAC15-D2C3-4BA5-BADE-DB38E8E052C2}.Debug|Any CPU.Build.0 = Debug|Any CPU
		{F72BAC15-D2C3-4BA5-BADE-DB38E8E052C2}.Release|Any CPU.ActiveCfg = Release|Any CPU
		{F72BAC15-D2C3-4BA5-BADE-DB38E8E052C2}.Release|Any CPU.Build.0 = Release|Any CPU
		{44C5CE36-84F6-4C0D-BC7A-39611379C2EB}.Debug|Any CPU.ActiveCfg = Debug|Any CPU
		{44C5CE36-84F6-4C0D-BC7A-39611379C2EB}.Debug|Any CPU.Build.0 = Debug|Any CPU
		{44C5CE36-84F6-4C0D-BC7A-39611379C2EB}.Release|Any CPU.ActiveCfg = Release|Any CPU
		{44C5CE36-84F6-4C0D-BC7A-39611379C2EB}.Release|Any CPU.Build.0 = Release|Any CPU
		{81B61F0D-3CBD-4E56-A3FC-D849935A361F}.Debug|Any CPU.ActiveCfg = Debug|Any CPU
		{81B61F0D-3CBD-4E56-A3FC-D849935A361F}.Debug|Any CPU.Build.0 = Debug|Any CPU
		{81B61F0D-3CBD-4E56-A3FC-D849935A361F}.Release|Any CPU.ActiveCfg = Release|Any CPU
		{81B61F0D-3CBD-4E56-A3FC-D849935A361F}.Release|Any CPU.Build.0 = Release|Any CPU
		{411853FC-BCEF-44BE-BD16-7CD2BD17B905}.Debug|Any CPU.ActiveCfg = Debug|Any CPU
		{411853FC-BCEF-44BE-BD16-7CD2BD17B905}.Debug|Any CPU.Build.0 = Debug|Any CPU
		{411853FC-BCEF-44BE-BD16-7CD2BD17B905}.Release|Any CPU.ActiveCfg = Release|Any CPU
		{411853FC-BCEF-44BE-BD16-7CD2BD17B905}.Release|Any CPU.Build.0 = Release|Any CPU
		{868F73FF-5C16-4A24-A39B-38DF2B563A95}.Debug|Any CPU.ActiveCfg = Debug|Any CPU
		{868F73FF-5C16-4A24-A39B-38DF2B563A95}.Debug|Any CPU.Build.0 = Debug|Any CPU
		{868F73FF-5C16-4A24-A39B-38DF2B563A95}.Release|Any CPU.ActiveCfg = Release|Any CPU
		{868F73FF-5C16-4A24-A39B-38DF2B563A95}.Release|Any CPU.Build.0 = Release|Any CPU
		{7D2B60EF-83BE-4CD9-96BD-46DDED4140D9}.Debug|Any CPU.ActiveCfg = Debug|Any CPU
		{7D2B60EF-83BE-4CD9-96BD-46DDED4140D9}.Debug|Any CPU.Build.0 = Debug|Any CPU
		{7D2B60EF-83BE-4CD9-96BD-46DDED4140D9}.Release|Any CPU.ActiveCfg = Release|Any CPU
		{7D2B60EF-83BE-4CD9-96BD-46DDED4140D9}.Release|Any CPU.Build.0 = Release|Any CPU
	EndGlobalSection
	GlobalSection(SolutionProperties) = preSolution
		HideSolutionNode = FALSE
	EndGlobalSection
EndGlobal
