
Microsoft Visual Studio Solution File, Format Version 12.00
# Visual Studio 2013
VisualStudioVersion = 12.0.21005.1
MinimumVisualStudioVersion = 10.0.40219.1
Project("{FAE04EC0-301F-11D3-BF4B-00C04F79EFBC}") = "Vlindos.Webserver", "Vlindos.Webserver\Vlindos.Webserver.csproj", "{B8A56D82-C795-4F44-87F2-B79C0B676915}"
EndProject
Project("{FAE04EC0-301F-11D3-BF4B-00C04F79EFBC}") = "Vlindos.Common", "Vlindos.Common\Vlindos.Common.csproj", "{FF60F6F2-57B9-49CF-9745-6EBA430C8604}"
EndProject
Project("{FAE04EC0-301F-11D3-BF4B-00C04F79EFBC}") = "Vlindos.InversionOfControl", "Vlindos.InversionOfControl\Vlindos.InversionOfControl.csproj", "{92926FD0-433B-49D9-AFA1-2D5DB1A8F02B}"
EndProject
Project("{FAE04EC0-301F-11D3-BF4B-00C04F79EFBC}") = "Vlindos.Logging", "Vlindos.Logging\Vlindos.Logging.csproj", "{7909B1AB-545D-4938-B4D6-BA7E2AC13F96}"
EndProject
Project("{FAE04EC0-301F-11D3-BF4B-00C04F79EFBC}") = "Vlindos.DemoApp", "Vlindos.DemoApp\Vlindos.DemoApp.csproj", "{8A4F9BBD-2DE1-458C-952E-22CE0E969405}"
EndProject
Project("{FAE04EC0-301F-11D3-BF4B-00C04F79EFBC}") = "Vlindos.Logging.Monitor", "Vlindos.Logging.Monitor\Vlindos.Logging.Monitor.csproj", "{C7EBC686-FB97-415E-9F71-E5C94310B3FC}"
EndProject
Project("{FAE04EC0-301F-11D3-BF4B-00C04F79EFBC}") = "Vlindos.Web", "Vlindos.Web\Vlindos.Web.csproj", "{6BC58CD0-6CB2-477F-8618-760989416E38}"
EndProject
Global
	GlobalSection(SolutionConfigurationPlatforms) = preSolution
		Debug|Any CPU = Debug|Any CPU
		Release|Any CPU = Release|Any CPU
	EndGlobalSection
	GlobalSection(ProjectConfigurationPlatforms) = postSolution
		{B8A56D82-C795-4F44-87F2-B79C0B676915}.Debug|Any CPU.ActiveCfg = Debug|Any CPU
		{B8A56D82-C795-4F44-87F2-B79C0B676915}.Debug|Any CPU.Build.0 = Debug|Any CPU
		{B8A56D82-C795-4F44-87F2-B79C0B676915}.Release|Any CPU.ActiveCfg = Release|Any CPU
		{B8A56D82-C795-4F44-87F2-B79C0B676915}.Release|Any CPU.Build.0 = Release|Any CPU
		{FF60F6F2-57B9-49CF-9745-6EBA430C8604}.Debug|Any CPU.ActiveCfg = Debug|Any CPU
		{FF60F6F2-57B9-49CF-9745-6EBA430C8604}.Debug|Any CPU.Build.0 = Debug|Any CPU
		{FF60F6F2-57B9-49CF-9745-6EBA430C8604}.Release|Any CPU.ActiveCfg = Release|Any CPU
		{FF60F6F2-57B9-49CF-9745-6EBA430C8604}.Release|Any CPU.Build.0 = Release|Any CPU
		{92926FD0-433B-49D9-AFA1-2D5DB1A8F02B}.Debug|Any CPU.ActiveCfg = Debug|Any CPU
		{92926FD0-433B-49D9-AFA1-2D5DB1A8F02B}.Debug|Any CPU.Build.0 = Debug|Any CPU
		{92926FD0-433B-49D9-AFA1-2D5DB1A8F02B}.Release|Any CPU.ActiveCfg = Release|Any CPU
		{92926FD0-433B-49D9-AFA1-2D5DB1A8F02B}.Release|Any CPU.Build.0 = Release|Any CPU
		{7909B1AB-545D-4938-B4D6-BA7E2AC13F96}.Debug|Any CPU.ActiveCfg = Debug|Any CPU
		{7909B1AB-545D-4938-B4D6-BA7E2AC13F96}.Debug|Any CPU.Build.0 = Debug|Any CPU
		{7909B1AB-545D-4938-B4D6-BA7E2AC13F96}.Release|Any CPU.ActiveCfg = Release|Any CPU
		{7909B1AB-545D-4938-B4D6-BA7E2AC13F96}.Release|Any CPU.Build.0 = Release|Any CPU
		{8A4F9BBD-2DE1-458C-952E-22CE0E969405}.Debug|Any CPU.ActiveCfg = Debug|Any CPU
		{8A4F9BBD-2DE1-458C-952E-22CE0E969405}.Debug|Any CPU.Build.0 = Debug|Any CPU
		{8A4F9BBD-2DE1-458C-952E-22CE0E969405}.Release|Any CPU.ActiveCfg = Release|Any CPU
		{8A4F9BBD-2DE1-458C-952E-22CE0E969405}.Release|Any CPU.Build.0 = Release|Any CPU
		{C7EBC686-FB97-415E-9F71-E5C94310B3FC}.Debug|Any CPU.ActiveCfg = Debug|Any CPU
		{C7EBC686-FB97-415E-9F71-E5C94310B3FC}.Debug|Any CPU.Build.0 = Debug|Any CPU
		{C7EBC686-FB97-415E-9F71-E5C94310B3FC}.Release|Any CPU.ActiveCfg = Release|Any CPU
		{C7EBC686-FB97-415E-9F71-E5C94310B3FC}.Release|Any CPU.Build.0 = Release|Any CPU
		{6BC58CD0-6CB2-477F-8618-760989416E38}.Debug|Any CPU.ActiveCfg = Debug|Any CPU
		{6BC58CD0-6CB2-477F-8618-760989416E38}.Debug|Any CPU.Build.0 = Debug|Any CPU
		{6BC58CD0-6CB2-477F-8618-760989416E38}.Release|Any CPU.ActiveCfg = Release|Any CPU
		{6BC58CD0-6CB2-477F-8618-760989416E38}.Release|Any CPU.Build.0 = Release|Any CPU
	EndGlobalSection
	GlobalSection(SolutionProperties) = preSolution
		HideSolutionNode = FALSE
	EndGlobalSection
EndGlobal
